
Microsoft Visual Studio Solution File, Format Version 11.00
# Visual Studio 2010
Project("{FAE04EC0-301F-11D3-BF4B-00C04F79EFBC}") = "telnet_sample", "telnet_sample\telnet_sample.csproj", "{48886162-ABC1-45A7-9125-2059B685979E}"
EndProject
Project("{8BC9CEB8-8B4A-11D0-8D11-00A0C91BC942}") = "StdioTool", "StdioTool\StdioTool\StdioTool.vcxproj", "{C3C0D02A-B521-40CA-8643-FB32886DADB7}"
EndProject
Global
	GlobalSection(SolutionConfigurationPlatforms) = preSolution
		Debug|Mixed Platforms = Debug|Mixed Platforms
		Debug|Win32 = Debug|Win32
		Debug|x86 = Debug|x86
		Release|Mixed Platforms = Release|Mixed Platforms
		Release|Win32 = Release|Win32
		Release|x86 = Release|x86
	EndGlobalSection
	GlobalSection(ProjectConfigurationPlatforms) = postSolution
		{48886162-ABC1-45A7-9125-2059B685979E}.Debug|Mixed Platforms.ActiveCfg = Debug|x86
		{48886162-ABC1-45A7-9125-2059B685979E}.Debug|Mixed Platforms.Build.0 = Debug|x86
		{48886162-ABC1-45A7-9125-2059B685979E}.Debug|Win32.ActiveCfg = Debug|x86
		{48886162-ABC1-45A7-9125-2059B685979E}.Debug|x86.ActiveCfg = Debug|x86
		{48886162-ABC1-45A7-9125-2059B685979E}.Debug|x86.Build.0 = Debug|x86
		{48886162-ABC1-45A7-9125-2059B685979E}.Release|Mixed Platforms.ActiveCfg = Release|x86
		{48886162-ABC1-45A7-9125-2059B685979E}.Release|Mixed Platforms.Build.0 = Release|x86
		{48886162-ABC1-45A7-9125-2059B685979E}.Release|Win32.ActiveCfg = Release|x86
		{48886162-ABC1-45A7-9125-2059B685979E}.Release|x86.ActiveCfg = Release|x86
		{48886162-ABC1-45A7-9125-2059B685979E}.Release|x86.Build.0 = Release|x86
		{C3C0D02A-B521-40CA-8643-FB32886DADB7}.Debug|Mixed Platforms.ActiveCfg = Debug|Win32
		{C3C0D02A-B521-40CA-8643-FB32886DADB7}.Debug|Mixed Platforms.Build.0 = Debug|Win32
		{C3C0D02A-B521-40CA-8643-FB32886DADB7}.Debug|Win32.ActiveCfg = Debug|Win32
		{C3C0D02A-B521-40CA-8643-FB32886DADB7}.Debug|Win32.Build.0 = Debug|Win32
		{C3C0D02A-B521-40CA-8643-FB32886DADB7}.Debug|x86.ActiveCfg = Debug|Win32
		{C3C0D02A-B521-40CA-8643-FB32886DADB7}.Release|Mixed Platforms.ActiveCfg = Release|Win32
		{C3C0D02A-B521-40CA-8643-FB32886DADB7}.Release|Mixed Platforms.Build.0 = Release|Win32
		{C3C0D02A-B521-40CA-8643-FB32886DADB7}.Release|Win32.ActiveCfg = Release|Win32
		{C3C0D02A-B521-40CA-8643-FB32886DADB7}.Release|Win32.Build.0 = Release|Win32
		{C3C0D02A-B521-40CA-8643-FB32886DADB7}.Release|x86.ActiveCfg = Release|Win32
	EndGlobalSection
	GlobalSection(SolutionProperties) = preSolution
		HideSolutionNode = FALSE
	EndGlobalSection
EndGlobal
